
Microsoft Visual Studio Solution File, Format Version 12.00
# Visual Studio Version 17
VisualStudioVersion = 17.9.34723.18
MinimumVisualStudioVersion = 10.0.40219.1
Project("{FAE04EC0-301F-11D3-BF4B-00C04F79EFBC}") = "JPEAK_SV_nobattlemusic", "JPEAK_SV_nobattlemusic\JPEAK_SV_nobattlemusic.csproj", "{CC504E93-3F46-415C-847A-9776285606E9}"
EndProject
Global
	GlobalSection(SolutionConfigurationPlatforms) = preSolution
		Debug|Any CPU = Debug|Any CPU
		Release|Any CPU = Release|Any CPU
	EndGlobalSection
	GlobalSection(ProjectConfigurationPlatforms) = postSolution
		{CC504E93-3F46-415C-847A-9776285606E9}.Debug|Any CPU.ActiveCfg = Debug|Any CPU
		{CC504E93-3F46-415C-847A-9776285606E9}.Debug|Any CPU.Build.0 = Debug|Any CPU
		{CC504E93-3F46-415C-847A-9776285606E9}.Release|Any CPU.ActiveCfg = Release|Any CPU
		{CC504E93-3F46-415C-847A-9776285606E9}.Release|Any CPU.Build.0 = Release|Any CPU
	EndGlobalSection
	GlobalSection(SolutionProperties) = preSolution
		HideSolutionNode = FALSE
	EndGlobalSection
	GlobalSection(ExtensibilityGlobals) = postSolution
		SolutionGuid = {BEDE666A-D04B-484C-A09E-3D5724C41A11}
	EndGlobalSection
EndGlobal
